
Microsoft Visual Studio Solution File, Format Version 12.00
# Visual Studio 2012
Project("{FAE04EC0-301F-11D3-BF4B-00C04F79EFBC}") = "TurbolinksDemo.iOS", "TurbolinksDemo.iOS\TurbolinksDemo.iOS.csproj", "{5839E5C3-9B4F-4B2F-9E1B-8C2126F872D1}"
EndProject
Project("{9344BDBB-3E7F-41FC-A0DD-8665D75EE146}") = "TurbolinksBinding.iOS", "TurbolinksBinding.iOS\TurbolinksBinding.iOS.csproj", "{5418152A-D040-42E2-B6DA-C9A6D5DE9AA3}"
EndProject
Project("{FAE04EC0-301F-11D3-BF4B-00C04F79EFBC}") = "Turbolinks.iOS", "Turbolinks.iOS\Turbolinks.iOS.csproj", "{49EB9C15-949C-4549-8CD8-44190463C39A}"
EndProject
Global
	GlobalSection(SolutionConfigurationPlatforms) = preSolution
		Debug|iPhoneSimulator = Debug|iPhoneSimulator
		Release|iPhone = Release|iPhone
		Release|iPhoneSimulator = Release|iPhoneSimulator
		Debug|iPhone = Debug|iPhone
	EndGlobalSection
	GlobalSection(ProjectConfigurationPlatforms) = postSolution
		{5839E5C3-9B4F-4B2F-9E1B-8C2126F872D1}.Debug|iPhoneSimulator.ActiveCfg = Debug|iPhoneSimulator
		{5839E5C3-9B4F-4B2F-9E1B-8C2126F872D1}.Debug|iPhoneSimulator.Build.0 = Debug|iPhoneSimulator
		{5839E5C3-9B4F-4B2F-9E1B-8C2126F872D1}.Release|iPhone.ActiveCfg = Release|iPhone
		{5839E5C3-9B4F-4B2F-9E1B-8C2126F872D1}.Release|iPhone.Build.0 = Release|iPhone
		{5839E5C3-9B4F-4B2F-9E1B-8C2126F872D1}.Release|iPhoneSimulator.ActiveCfg = Release|iPhoneSimulator
		{5839E5C3-9B4F-4B2F-9E1B-8C2126F872D1}.Release|iPhoneSimulator.Build.0 = Release|iPhoneSimulator
		{5839E5C3-9B4F-4B2F-9E1B-8C2126F872D1}.Debug|iPhone.ActiveCfg = Debug|iPhone
		{5839E5C3-9B4F-4B2F-9E1B-8C2126F872D1}.Debug|iPhone.Build.0 = Debug|iPhone
		{5418152A-D040-42E2-B6DA-C9A6D5DE9AA3}.Debug|iPhoneSimulator.ActiveCfg = Debug|Any CPU
		{5418152A-D040-42E2-B6DA-C9A6D5DE9AA3}.Debug|iPhoneSimulator.Build.0 = Debug|Any CPU
		{5418152A-D040-42E2-B6DA-C9A6D5DE9AA3}.Release|iPhone.ActiveCfg = Release|Any CPU
		{5418152A-D040-42E2-B6DA-C9A6D5DE9AA3}.Release|iPhone.Build.0 = Release|Any CPU
		{5418152A-D040-42E2-B6DA-C9A6D5DE9AA3}.Release|iPhoneSimulator.ActiveCfg = Release|Any CPU
		{5418152A-D040-42E2-B6DA-C9A6D5DE9AA3}.Release|iPhoneSimulator.Build.0 = Release|Any CPU
		{5418152A-D040-42E2-B6DA-C9A6D5DE9AA3}.Debug|iPhone.ActiveCfg = Debug|Any CPU
		{5418152A-D040-42E2-B6DA-C9A6D5DE9AA3}.Debug|iPhone.Build.0 = Debug|Any CPU
		{49EB9C15-949C-4549-8CD8-44190463C39A}.Debug|iPhoneSimulator.ActiveCfg = Debug|Any CPU
		{49EB9C15-949C-4549-8CD8-44190463C39A}.Debug|iPhoneSimulator.Build.0 = Debug|Any CPU
		{49EB9C15-949C-4549-8CD8-44190463C39A}.Release|iPhone.ActiveCfg = Release|Any CPU
		{49EB9C15-949C-4549-8CD8-44190463C39A}.Release|iPhone.Build.0 = Release|Any CPU
		{49EB9C15-949C-4549-8CD8-44190463C39A}.Release|iPhoneSimulator.ActiveCfg = Release|Any CPU
		{49EB9C15-949C-4549-8CD8-44190463C39A}.Release|iPhoneSimulator.Build.0 = Release|Any CPU
		{49EB9C15-949C-4549-8CD8-44190463C39A}.Debug|iPhone.ActiveCfg = Debug|Any CPU
		{49EB9C15-949C-4549-8CD8-44190463C39A}.Debug|iPhone.Build.0 = Debug|Any CPU
	EndGlobalSection
EndGlobal
